// !$*UTF8*$!
{
	archiveVersion = 1;
	classes = {
	};
	objectVersion = 56;
	objects = {

/* Begin PBXBuildFile section */
		C126A5632A7F743C00F28F20 /* AddReview.swift in Sources */ = {isa = PBXBuildFile; fileRef = C126A5622A7F743C00F28F20 /* AddReview.swift */; };
		C126A5652A7F79D400F28F20 /* MovieHeader.swift in Sources */ = {isa = PBXBuildFile; fileRef = C126A5642A7F79D400F28F20 /* MovieHeader.swift */; };
		C126A5672A7F7CB300F28F20 /* Reviews.swift in Sources */ = {isa = PBXBuildFile; fileRef = C126A5662A7F7CB300F28F20 /* Reviews.swift */; };
		C126A5692A7F7E4100F28F20 /* MoviewReview.swift in Sources */ = {isa = PBXBuildFile; fileRef = C126A5682A7F7E4100F28F20 /* MoviewReview.swift */; };
		C126A56B2A7F7F1400F28F20 /* ReviewComponent.swift in Sources */ = {isa = PBXBuildFile; fileRef = C126A56A2A7F7F1400F28F20 /* ReviewComponent.swift */; };
		C126A56D2A7F835400F28F20 /* FavoriteMovies.swift in Sources */ = {isa = PBXBuildFile; fileRef = C126A56C2A7F835400F28F20 /* FavoriteMovies.swift */; };
		C126A56F2A7F84FC00F28F20 /* Tab.swift in Sources */ = {isa = PBXBuildFile; fileRef = C126A56E2A7F84FC00F28F20 /* Tab.swift */; };
		C126A5712A7F869E00F28F20 /* Home.swift in Sources */ = {isa = PBXBuildFile; fileRef = C126A5702A7F869E00F28F20 /* Home.swift */; };
		C126A5752A7F8D9D00F28F20 /* TabShape.swift in Sources */ = {isa = PBXBuildFile; fileRef = C126A5742A7F8D9D00F28F20 /* TabShape.swift */; };
		C126A5772A7F8FEB00F28F20 /* TabPositions.swift in Sources */ = {isa = PBXBuildFile; fileRef = C126A5762A7F8FEB00F28F20 /* TabPositions.swift */; };
		C126A5792A7F961600F28F20 /* User.swift in Sources */ = {isa = PBXBuildFile; fileRef = C126A5782A7F961600F28F20 /* User.swift */; };
		C126A57B2A7F965400F28F20 /* AboutView.swift in Sources */ = {isa = PBXBuildFile; fileRef = C126A57A2A7F965400F28F20 /* AboutView.swift */; };
		C126A57D2A7FA69700F28F20 /* TabBarComponent.swift in Sources */ = {isa = PBXBuildFile; fileRef = C126A57C2A7FA69700F28F20 /* TabBarComponent.swift */; };
		C126A57F2A7FA94800F28F20 /* SplashScreen.swift in Sources */ = {isa = PBXBuildFile; fileRef = C126A57E2A7FA94800F28F20 /* SplashScreen.swift */; };
		C126A5842A7FC9F900F28F20 /* MoviesViewModel.swift in Sources */ = {isa = PBXBuildFile; fileRef = C126A5832A7FC9F900F28F20 /* MoviesViewModel.swift */; };
		C126A5872A8019CC00F28F20 /* DataManager.swift in Sources */ = {isa = PBXBuildFile; fileRef = C126A5862A8019CC00F28F20 /* DataManager.swift */; };
		C126A58A2A80940000F28F20 /* Constants.swift in Sources */ = {isa = PBXBuildFile; fileRef = C126A5892A80940000F28F20 /* Constants.swift */; };
		C126A58C2A80995600F28F20 /* Genre.swift in Sources */ = {isa = PBXBuildFile; fileRef = C126A58B2A80995600F28F20 /* Genre.swift */; };
		C126A58E2A809C1400F28F20 /* GenreViewModel.swift in Sources */ = {isa = PBXBuildFile; fileRef = C126A58D2A809C1400F28F20 /* GenreViewModel.swift */; };
		C173CA092A7DD32A00549B32 /* MovieMagicApp.swift in Sources */ = {isa = PBXBuildFile; fileRef = C173CA082A7DD32A00549B32 /* MovieMagicApp.swift */; };
		C173CA0B2A7DD32A00549B32 /* ContentView.swift in Sources */ = {isa = PBXBuildFile; fileRef = C173CA0A2A7DD32A00549B32 /* ContentView.swift */; };
		C173CA0D2A7DD32C00549B32 /* Assets.xcassets in Resources */ = {isa = PBXBuildFile; fileRef = C173CA0C2A7DD32C00549B32 /* Assets.xcassets */; };
		C173CA102A7DD32C00549B32 /* Preview Assets.xcassets in Resources */ = {isa = PBXBuildFile; fileRef = C173CA0F2A7DD32C00549B32 /* Preview Assets.xcassets */; };
		C173CA1A2A7DD32C00549B32 /* MovieMagicTests.swift in Sources */ = {isa = PBXBuildFile; fileRef = C173CA192A7DD32C00549B32 /* MovieMagicTests.swift */; };
		C173CA242A7DD32C00549B32 /* MovieMagicUITests.swift in Sources */ = {isa = PBXBuildFile; fileRef = C173CA232A7DD32C00549B32 /* MovieMagicUITests.swift */; };
		C173CA262A7DD32C00549B32 /* MovieMagicUITestsLaunchTests.swift in Sources */ = {isa = PBXBuildFile; fileRef = C173CA252A7DD32C00549B32 /* MovieMagicUITestsLaunchTests.swift */; };
		C173CA362A7EBCDA00549B32 /* Movie.swift in Sources */ = {isa = PBXBuildFile; fileRef = C173CA352A7EBCDA00549B32 /* Movie.swift */; };
		C173CA382A7EC08500549B32 /* SearchList.swift in Sources */ = {isa = PBXBuildFile; fileRef = C173CA372A7EC08500549B32 /* SearchList.swift */; };
		C173CA392A7EC08500549B32 /* SearchList.swift in Sources */ = {isa = PBXBuildFile; fileRef = C173CA372A7EC08500549B32 /* SearchList.swift */; };
		C173CA3A2A7EC08500549B32 /* SearchList.swift in Sources */ = {isa = PBXBuildFile; fileRef = C173CA372A7EC08500549B32 /* SearchList.swift */; };
		C173CA3C2A7EC1E900549B32 /* GenreTag.swift in Sources */ = {isa = PBXBuildFile; fileRef = C173CA3B2A7EC1E900549B32 /* GenreTag.swift */; };
		C173CA3D2A7EC1E900549B32 /* GenreTag.swift in Sources */ = {isa = PBXBuildFile; fileRef = C173CA3B2A7EC1E900549B32 /* GenreTag.swift */; };
		C173CA3E2A7EC1E900549B32 /* GenreTag.swift in Sources */ = {isa = PBXBuildFile; fileRef = C173CA3B2A7EC1E900549B32 /* GenreTag.swift */; };
		C173CA402A7ECCCF00549B32 /* MovieCardTypeA.swift in Sources */ = {isa = PBXBuildFile; fileRef = C173CA3F2A7ECCCF00549B32 /* MovieCardTypeA.swift */; };
		C173CA412A7ECCCF00549B32 /* MovieCardTypeA.swift in Sources */ = {isa = PBXBuildFile; fileRef = C173CA3F2A7ECCCF00549B32 /* MovieCardTypeA.swift */; };
		C173CA422A7ECCCF00549B32 /* MovieCardTypeA.swift in Sources */ = {isa = PBXBuildFile; fileRef = C173CA3F2A7ECCCF00549B32 /* MovieCardTypeA.swift */; };
		C173CA442A7ED0F900549B32 /* MoviePoster.swift in Sources */ = {isa = PBXBuildFile; fileRef = C173CA432A7ED0F900549B32 /* MoviePoster.swift */; };
		C173CA452A7ED0F900549B32 /* MoviePoster.swift in Sources */ = {isa = PBXBuildFile; fileRef = C173CA432A7ED0F900549B32 /* MoviePoster.swift */; };
		C173CA462A7ED0F900549B32 /* MoviePoster.swift in Sources */ = {isa = PBXBuildFile; fileRef = C173CA432A7ED0F900549B32 /* MoviePoster.swift */; };
		C173CA482A7ED72100549B32 /* MovieRating.swift in Sources */ = {isa = PBXBuildFile; fileRef = C173CA472A7ED72100549B32 /* MovieRating.swift */; };
		C173CA492A7ED72100549B32 /* MovieRating.swift in Sources */ = {isa = PBXBuildFile; fileRef = C173CA472A7ED72100549B32 /* MovieRating.swift */; };
		C173CA4A2A7ED72100549B32 /* MovieRating.swift in Sources */ = {isa = PBXBuildFile; fileRef = C173CA472A7ED72100549B32 /* MovieRating.swift */; };
		C173CA4C2A7F4CF700549B32 /* MovieDetails.swift in Sources */ = {isa = PBXBuildFile; fileRef = C173CA4B2A7F4CF700549B32 /* MovieDetails.swift */; };
		C173CA4D2A7F4CF700549B32 /* MovieDetails.swift in Sources */ = {isa = PBXBuildFile; fileRef = C173CA4B2A7F4CF700549B32 /* MovieDetails.swift */; };
		C173CA4E2A7F4CF700549B32 /* MovieDetails.swift in Sources */ = {isa = PBXBuildFile; fileRef = C173CA4B2A7F4CF700549B32 /* MovieDetails.swift */; };
		C173CA512A7F51C600549B32 /* CustomCorners.swift in Sources */ = {isa = PBXBuildFile; fileRef = C173CA502A7F51C600549B32 /* CustomCorners.swift */; };
		C173CA522A7F51C600549B32 /* CustomCorners.swift in Sources */ = {isa = PBXBuildFile; fileRef = C173CA502A7F51C600549B32 /* CustomCorners.swift */; };
		C173CA532A7F51C600549B32 /* CustomCorners.swift in Sources */ = {isa = PBXBuildFile; fileRef = C173CA502A7F51C600549B32 /* CustomCorners.swift */; };
/* End PBXBuildFile section */

/* Begin PBXContainerItemProxy section */
		C173CA162A7DD32C00549B32 /* PBXContainerItemProxy */ = {
			isa = PBXContainerItemProxy;
			containerPortal = C173C9FD2A7DD32A00549B32 /* Project object */;
			proxyType = 1;
			remoteGlobalIDString = C173CA042A7DD32A00549B32;
			remoteInfo = MovieMagic;
		};
		C173CA202A7DD32C00549B32 /* PBXContainerItemProxy */ = {
			isa = PBXContainerItemProxy;
			containerPortal = C173C9FD2A7DD32A00549B32 /* Project object */;
			proxyType = 1;
			remoteGlobalIDString = C173CA042A7DD32A00549B32;
			remoteInfo = MovieMagic;
		};
/* End PBXContainerItemProxy section */

/* Begin PBXFileReference section */
		C126A5622A7F743C00F28F20 /* AddReview.swift */ = {isa = PBXFileReference; lastKnownFileType = sourcecode.swift; path = AddReview.swift; sourceTree = "<group>"; };
		C126A5642A7F79D400F28F20 /* MovieHeader.swift */ = {isa = PBXFileReference; lastKnownFileType = sourcecode.swift; path = MovieHeader.swift; sourceTree = "<group>"; };
		C126A5662A7F7CB300F28F20 /* Reviews.swift */ = {isa = PBXFileReference; lastKnownFileType = sourcecode.swift; path = Reviews.swift; sourceTree = "<group>"; };
		C126A5682A7F7E4100F28F20 /* MoviewReview.swift */ = {isa = PBXFileReference; lastKnownFileType = sourcecode.swift; path = MoviewReview.swift; sourceTree = "<group>"; };
		C126A56A2A7F7F1400F28F20 /* ReviewComponent.swift */ = {isa = PBXFileReference; lastKnownFileType = sourcecode.swift; path = ReviewComponent.swift; sourceTree = "<group>"; };
		C126A56C2A7F835400F28F20 /* FavoriteMovies.swift */ = {isa = PBXFileReference; lastKnownFileType = sourcecode.swift; path = FavoriteMovies.swift; sourceTree = "<group>"; };
		C126A56E2A7F84FC00F28F20 /* Tab.swift */ = {isa = PBXFileReference; lastKnownFileType = sourcecode.swift; path = Tab.swift; sourceTree = "<group>"; };
		C126A5702A7F869E00F28F20 /* Home.swift */ = {isa = PBXFileReference; lastKnownFileType = sourcecode.swift; path = Home.swift; sourceTree = "<group>"; };
		C126A5742A7F8D9D00F28F20 /* TabShape.swift */ = {isa = PBXFileReference; lastKnownFileType = sourcecode.swift; path = TabShape.swift; sourceTree = "<group>"; };
		C126A5762A7F8FEB00F28F20 /* TabPositions.swift */ = {isa = PBXFileReference; lastKnownFileType = sourcecode.swift; path = TabPositions.swift; sourceTree = "<group>"; };
		C126A5782A7F961600F28F20 /* User.swift */ = {isa = PBXFileReference; lastKnownFileType = sourcecode.swift; path = User.swift; sourceTree = "<group>"; };
		C126A57A2A7F965400F28F20 /* AboutView.swift */ = {isa = PBXFileReference; lastKnownFileType = sourcecode.swift; path = AboutView.swift; sourceTree = "<group>"; };
		C126A57C2A7FA69700F28F20 /* TabBarComponent.swift */ = {isa = PBXFileReference; lastKnownFileType = sourcecode.swift; path = TabBarComponent.swift; sourceTree = "<group>"; };
		C126A57E2A7FA94800F28F20 /* SplashScreen.swift */ = {isa = PBXFileReference; lastKnownFileType = sourcecode.swift; path = SplashScreen.swift; sourceTree = "<group>"; };
		C126A5832A7FC9F900F28F20 /* MoviesViewModel.swift */ = {isa = PBXFileReference; lastKnownFileType = sourcecode.swift; path = MoviesViewModel.swift; sourceTree = "<group>"; };
		C126A5862A8019CC00F28F20 /* DataManager.swift */ = {isa = PBXFileReference; lastKnownFileType = sourcecode.swift; path = DataManager.swift; sourceTree = "<group>"; };
		C126A5892A80940000F28F20 /* Constants.swift */ = {isa = PBXFileReference; lastKnownFileType = sourcecode.swift; path = Constants.swift; sourceTree = "<group>"; };
		C126A58B2A80995600F28F20 /* Genre.swift */ = {isa = PBXFileReference; lastKnownFileType = sourcecode.swift; path = Genre.swift; sourceTree = "<group>"; };
		C126A58D2A809C1400F28F20 /* GenreViewModel.swift */ = {isa = PBXFileReference; lastKnownFileType = sourcecode.swift; path = GenreViewModel.swift; sourceTree = "<group>"; };
		C173CA052A7DD32A00549B32 /* MovieMagic.app */ = {isa = PBXFileReference; explicitFileType = wrapper.application; includeInIndex = 0; path = MovieMagic.app; sourceTree = BUILT_PRODUCTS_DIR; };
		C173CA082A7DD32A00549B32 /* MovieMagicApp.swift */ = {isa = PBXFileReference; lastKnownFileType = sourcecode.swift; path = MovieMagicApp.swift; sourceTree = "<group>"; };
		C173CA0A2A7DD32A00549B32 /* ContentView.swift */ = {isa = PBXFileReference; lastKnownFileType = sourcecode.swift; path = ContentView.swift; sourceTree = "<group>"; };
		C173CA0C2A7DD32C00549B32 /* Assets.xcassets */ = {isa = PBXFileReference; lastKnownFileType = folder.assetcatalog; path = Assets.xcassets; sourceTree = "<group>"; };
		C173CA0F2A7DD32C00549B32 /* Preview Assets.xcassets */ = {isa = PBXFileReference; lastKnownFileType = folder.assetcatalog; path = "Preview Assets.xcassets"; sourceTree = "<group>"; };
		C173CA152A7DD32C00549B32 /* MovieMagicTests.xctest */ = {isa = PBXFileReference; explicitFileType = wrapper.cfbundle; includeInIndex = 0; path = MovieMagicTests.xctest; sourceTree = BUILT_PRODUCTS_DIR; };
		C173CA192A7DD32C00549B32 /* MovieMagicTests.swift */ = {isa = PBXFileReference; lastKnownFileType = sourcecode.swift; path = MovieMagicTests.swift; sourceTree = "<group>"; };
		C173CA1F2A7DD32C00549B32 /* MovieMagicUITests.xctest */ = {isa = PBXFileReference; explicitFileType = wrapper.cfbundle; includeInIndex = 0; path = MovieMagicUITests.xctest; sourceTree = BUILT_PRODUCTS_DIR; };
		C173CA232A7DD32C00549B32 /* MovieMagicUITests.swift */ = {isa = PBXFileReference; lastKnownFileType = sourcecode.swift; path = MovieMagicUITests.swift; sourceTree = "<group>"; };
		C173CA252A7DD32C00549B32 /* MovieMagicUITestsLaunchTests.swift */ = {isa = PBXFileReference; lastKnownFileType = sourcecode.swift; path = MovieMagicUITestsLaunchTests.swift; sourceTree = "<group>"; };
		C173CA352A7EBCDA00549B32 /* Movie.swift */ = {isa = PBXFileReference; lastKnownFileType = sourcecode.swift; path = Movie.swift; sourceTree = "<group>"; };
		C173CA372A7EC08500549B32 /* SearchList.swift */ = {isa = PBXFileReference; lastKnownFileType = sourcecode.swift; path = SearchList.swift; sourceTree = "<group>"; };
		C173CA3B2A7EC1E900549B32 /* GenreTag.swift */ = {isa = PBXFileReference; lastKnownFileType = sourcecode.swift; path = GenreTag.swift; sourceTree = "<group>"; };
		C173CA3F2A7ECCCF00549B32 /* MovieCardTypeA.swift */ = {isa = PBXFileReference; lastKnownFileType = sourcecode.swift; path = MovieCardTypeA.swift; sourceTree = "<group>"; };
		C173CA432A7ED0F900549B32 /* MoviePoster.swift */ = {isa = PBXFileReference; lastKnownFileType = sourcecode.swift; path = MoviePoster.swift; sourceTree = "<group>"; };
		C173CA472A7ED72100549B32 /* MovieRating.swift */ = {isa = PBXFileReference; lastKnownFileType = sourcecode.swift; path = MovieRating.swift; sourceTree = "<group>"; };
		C173CA4B2A7F4CF700549B32 /* MovieDetails.swift */ = {isa = PBXFileReference; lastKnownFileType = sourcecode.swift; path = MovieDetails.swift; sourceTree = "<group>"; };
		C173CA502A7F51C600549B32 /* CustomCorners.swift */ = {isa = PBXFileReference; lastKnownFileType = sourcecode.swift; path = CustomCorners.swift; sourceTree = "<group>"; };
/* End PBXFileReference section */

/* Begin PBXFrameworksBuildPhase section */
		C173CA022A7DD32A00549B32 /* Frameworks */ = {
			isa = PBXFrameworksBuildPhase;
			buildActionMask = 2147483647;
			files = (
			);
			runOnlyForDeploymentPostprocessing = 0;
		};
		C173CA122A7DD32C00549B32 /* Frameworks */ = {
			isa = PBXFrameworksBuildPhase;
			buildActionMask = 2147483647;
			files = (
			);
			runOnlyForDeploymentPostprocessing = 0;
		};
		C173CA1C2A7DD32C00549B32 /* Frameworks */ = {
			isa = PBXFrameworksBuildPhase;
			buildActionMask = 2147483647;
			files = (
			);
			runOnlyForDeploymentPostprocessing = 0;
		};
/* End PBXFrameworksBuildPhase section */

/* Begin PBXGroup section */
		C126A5802A7FC59400F28F20 /* ViewModels */ = {
			isa = PBXGroup;
			children = (
				C126A5832A7FC9F900F28F20 /* MoviesViewModel.swift */,
				C126A58D2A809C1400F28F20 /* GenreViewModel.swift */,
			);
			path = ViewModels;
			sourceTree = "<group>";
		};
		C126A5852A8019BF00F28F20 /* DataManager */ = {
			isa = PBXGroup;
			children = (
				C126A5862A8019CC00F28F20 /* DataManager.swift */,
			);
			path = DataManager;
			sourceTree = "<group>";
		};
		C126A5882A8093EB00F28F20 /* Constants */ = {
			isa = PBXGroup;
			children = (
				C126A5892A80940000F28F20 /* Constants.swift */,
			);
			path = Constants;
			sourceTree = "<group>";
		};
		C173C9FC2A7DD32A00549B32 = {
			isa = PBXGroup;
			children = (
				C173CA072A7DD32A00549B32 /* MovieMagic */,
				C173CA182A7DD32C00549B32 /* MovieMagicTests */,
				C173CA222A7DD32C00549B32 /* MovieMagicUITests */,
				C173CA062A7DD32A00549B32 /* Products */,
			);
			sourceTree = "<group>";
		};
		C173CA062A7DD32A00549B32 /* Products */ = {
			isa = PBXGroup;
			children = (
				C173CA052A7DD32A00549B32 /* MovieMagic.app */,
				C173CA152A7DD32C00549B32 /* MovieMagicTests.xctest */,
				C173CA1F2A7DD32C00549B32 /* MovieMagicUITests.xctest */,
			);
			name = Products;
			sourceTree = "<group>";
		};
		C173CA072A7DD32A00549B32 /* MovieMagic */ = {
			isa = PBXGroup;
			children = (
				C126A5882A8093EB00F28F20 /* Constants */,
				C126A5852A8019BF00F28F20 /* DataManager */,
				C126A5802A7FC59400F28F20 /* ViewModels */,
				C173CA342A7EBCC100549B32 /* Models */,
				C173CA4F2A7F51AE00549B32 /* UIModifiers */,
				C173CA332A7EBACB00549B32 /* Components */,
				C173CA322A7EBAB200549B32 /* Views */,
				C173CA082A7DD32A00549B32 /* MovieMagicApp.swift */,
				C173CA0A2A7DD32A00549B32 /* ContentView.swift */,
				C173CA0C2A7DD32C00549B32 /* Assets.xcassets */,
				C173CA0E2A7DD32C00549B32 /* Preview Content */,
			);
			path = MovieMagic;
			sourceTree = "<group>";
		};
		C173CA0E2A7DD32C00549B32 /* Preview Content */ = {
			isa = PBXGroup;
			children = (
				C173CA0F2A7DD32C00549B32 /* Preview Assets.xcassets */,
			);
			path = "Preview Content";
			sourceTree = "<group>";
		};
		C173CA182A7DD32C00549B32 /* MovieMagicTests */ = {
			isa = PBXGroup;
			children = (
				C173CA192A7DD32C00549B32 /* MovieMagicTests.swift */,
			);
			path = MovieMagicTests;
			sourceTree = "<group>";
		};
		C173CA222A7DD32C00549B32 /* MovieMagicUITests */ = {
			isa = PBXGroup;
			children = (
				C173CA232A7DD32C00549B32 /* MovieMagicUITests.swift */,
				C173CA252A7DD32C00549B32 /* MovieMagicUITestsLaunchTests.swift */,
			);
			path = MovieMagicUITests;
			sourceTree = "<group>";
		};
		C173CA322A7EBAB200549B32 /* Views */ = {
			isa = PBXGroup;
			children = (
				C173CA372A7EC08500549B32 /* SearchList.swift */,
				C173CA4B2A7F4CF700549B32 /* MovieDetails.swift */,
				C126A5622A7F743C00F28F20 /* AddReview.swift */,
				C126A5662A7F7CB300F28F20 /* Reviews.swift */,
				C126A56C2A7F835400F28F20 /* FavoriteMovies.swift */,
				C126A5702A7F869E00F28F20 /* Home.swift */,
				C126A57A2A7F965400F28F20 /* AboutView.swift */,
				C126A57E2A7FA94800F28F20 /* SplashScreen.swift */,
			);
			path = Views;
			sourceTree = "<group>";
		};
		C173CA332A7EBACB00549B32 /* Components */ = {
			isa = PBXGroup;
			children = (
				C173CA3B2A7EC1E900549B32 /* GenreTag.swift */,
				C173CA3F2A7ECCCF00549B32 /* MovieCardTypeA.swift */,
				C173CA432A7ED0F900549B32 /* MoviePoster.swift */,
				C173CA472A7ED72100549B32 /* MovieRating.swift */,
				C126A5642A7F79D400F28F20 /* MovieHeader.swift */,
				C126A56A2A7F7F1400F28F20 /* ReviewComponent.swift */,
				C126A57C2A7FA69700F28F20 /* TabBarComponent.swift */,
			);
			path = Components;
			sourceTree = "<group>";
		};
		C173CA342A7EBCC100549B32 /* Models */ = {
			isa = PBXGroup;
			children = (
				C173CA352A7EBCDA00549B32 /* Movie.swift */,
				C126A5682A7F7E4100F28F20 /* MoviewReview.swift */,
				C126A56E2A7F84FC00F28F20 /* Tab.swift */,
				C126A5782A7F961600F28F20 /* User.swift */,
				C126A58B2A80995600F28F20 /* Genre.swift */,
			);
			path = Models;
			sourceTree = "<group>";
		};
		C173CA4F2A7F51AE00549B32 /* UIModifiers */ = {
			isa = PBXGroup;
			children = (
				C173CA502A7F51C600549B32 /* CustomCorners.swift */,
				C126A5742A7F8D9D00F28F20 /* TabShape.swift */,
				C126A5762A7F8FEB00F28F20 /* TabPositions.swift */,
			);
			path = UIModifiers;
			sourceTree = "<group>";
		};
/* End PBXGroup section */

/* Begin PBXNativeTarget section */
		C173CA042A7DD32A00549B32 /* MovieMagic */ = {
			isa = PBXNativeTarget;
			buildConfigurationList = C173CA292A7DD32C00549B32 /* Build configuration list for PBXNativeTarget "MovieMagic" */;
			buildPhases = (
				C173CA012A7DD32A00549B32 /* Sources */,
				C173CA022A7DD32A00549B32 /* Frameworks */,
				C173CA032A7DD32A00549B32 /* Resources */,
			);
			buildRules = (
			);
			dependencies = (
			);
			name = MovieMagic;
			productName = MovieMagic;
			productReference = C173CA052A7DD32A00549B32 /* MovieMagic.app */;
			productType = "com.apple.product-type.application";
		};
		C173CA142A7DD32C00549B32 /* MovieMagicTests */ = {
			isa = PBXNativeTarget;
			buildConfigurationList = C173CA2C2A7DD32C00549B32 /* Build configuration list for PBXNativeTarget "MovieMagicTests" */;
			buildPhases = (
				C173CA112A7DD32C00549B32 /* Sources */,
				C173CA122A7DD32C00549B32 /* Frameworks */,
				C173CA132A7DD32C00549B32 /* Resources */,
			);
			buildRules = (
			);
			dependencies = (
				C173CA172A7DD32C00549B32 /* PBXTargetDependency */,
			);
			name = MovieMagicTests;
			productName = MovieMagicTests;
			productReference = C173CA152A7DD32C00549B32 /* MovieMagicTests.xctest */;
			productType = "com.apple.product-type.bundle.unit-test";
		};
		C173CA1E2A7DD32C00549B32 /* MovieMagicUITests */ = {
			isa = PBXNativeTarget;
			buildConfigurationList = C173CA2F2A7DD32C00549B32 /* Build configuration list for PBXNativeTarget "MovieMagicUITests" */;
			buildPhases = (
				C173CA1B2A7DD32C00549B32 /* Sources */,
				C173CA1C2A7DD32C00549B32 /* Frameworks */,
				C173CA1D2A7DD32C00549B32 /* Resources */,
			);
			buildRules = (
			);
			dependencies = (
				C173CA212A7DD32C00549B32 /* PBXTargetDependency */,
			);
			name = MovieMagicUITests;
			productName = MovieMagicUITests;
			productReference = C173CA1F2A7DD32C00549B32 /* MovieMagicUITests.xctest */;
			productType = "com.apple.product-type.bundle.ui-testing";
		};
/* End PBXNativeTarget section */

/* Begin PBXProject section */
		C173C9FD2A7DD32A00549B32 /* Project object */ = {
			isa = PBXProject;
			attributes = {
				BuildIndependentTargetsInParallel = 1;
				LastSwiftUpdateCheck = 1430;
				LastUpgradeCheck = 1430;
				TargetAttributes = {
					C173CA042A7DD32A00549B32 = {
						CreatedOnToolsVersion = 14.3.1;
					};
					C173CA142A7DD32C00549B32 = {
						CreatedOnToolsVersion = 14.3.1;
						TestTargetID = C173CA042A7DD32A00549B32;
					};
					C173CA1E2A7DD32C00549B32 = {
						CreatedOnToolsVersion = 14.3.1;
						TestTargetID = C173CA042A7DD32A00549B32;
					};
				};
			};
			buildConfigurationList = C173CA002A7DD32A00549B32 /* Build configuration list for PBXProject "MovieMagic" */;
			compatibilityVersion = "Xcode 14.0";
			developmentRegion = en;
			hasScannedForEncodings = 0;
			knownRegions = (
				en,
				Base,
			);
			mainGroup = C173C9FC2A7DD32A00549B32;
			productRefGroup = C173CA062A7DD32A00549B32 /* Products */;
			projectDirPath = "";
			projectRoot = "";
			targets = (
				C173CA042A7DD32A00549B32 /* MovieMagic */,
				C173CA142A7DD32C00549B32 /* MovieMagicTests */,
				C173CA1E2A7DD32C00549B32 /* MovieMagicUITests */,
			);
		};
/* End PBXProject section */

/* Begin PBXResourcesBuildPhase section */
		C173CA032A7DD32A00549B32 /* Resources */ = {
			isa = PBXResourcesBuildPhase;
			buildActionMask = 2147483647;
			files = (
				C173CA102A7DD32C00549B32 /* Preview Assets.xcassets in Resources */,
				C173CA0D2A7DD32C00549B32 /* Assets.xcassets in Resources */,
			);
			runOnlyForDeploymentPostprocessing = 0;
		};
		C173CA132A7DD32C00549B32 /* Resources */ = {
			isa = PBXResourcesBuildPhase;
			buildActionMask = 2147483647;
			files = (
			);
			runOnlyForDeploymentPostprocessing = 0;
		};
		C173CA1D2A7DD32C00549B32 /* Resources */ = {
			isa = PBXResourcesBuildPhase;
			buildActionMask = 2147483647;
			files = (
			);
			runOnlyForDeploymentPostprocessing = 0;
		};
/* End PBXResourcesBuildPhase section */

/* Begin PBXSourcesBuildPhase section */
		C173CA012A7DD32A00549B32 /* Sources */ = {
			isa = PBXSourcesBuildPhase;
			buildActionMask = 2147483647;
			files = (
				C126A57F2A7FA94800F28F20 /* SplashScreen.swift in Sources */,
				C126A5672A7F7CB300F28F20 /* Reviews.swift in Sources */,
				C126A56F2A7F84FC00F28F20 /* Tab.swift in Sources */,
				C173CA3C2A7EC1E900549B32 /* GenreTag.swift in Sources */,
				C126A56D2A7F835400F28F20 /* FavoriteMovies.swift in Sources */,
				C126A5712A7F869E00F28F20 /* Home.swift in Sources */,
				C173CA482A7ED72100549B32 /* MovieRating.swift in Sources */,
				C173CA0B2A7DD32A00549B32 /* ContentView.swift in Sources */,
				C126A57D2A7FA69700F28F20 /* TabBarComponent.swift in Sources */,
				C173CA382A7EC08500549B32 /* SearchList.swift in Sources */,
				C173CA092A7DD32A00549B32 /* MovieMagicApp.swift in Sources */,
				C126A5872A8019CC00F28F20 /* DataManager.swift in Sources */,
				C126A5752A7F8D9D00F28F20 /* TabShape.swift in Sources */,
				C126A58E2A809C1400F28F20 /* GenreViewModel.swift in Sources */,
				C126A5792A7F961600F28F20 /* User.swift in Sources */,
				C126A5652A7F79D400F28F20 /* MovieHeader.swift in Sources */,
				C126A5772A7F8FEB00F28F20 /* TabPositions.swift in Sources */,
				C126A57B2A7F965400F28F20 /* AboutView.swift in Sources */,
				C173CA442A7ED0F900549B32 /* MoviePoster.swift in Sources */,
				C173CA402A7ECCCF00549B32 /* MovieCardTypeA.swift in Sources */,
				C173CA362A7EBCDA00549B32 /* Movie.swift in Sources */,
				C126A5692A7F7E4100F28F20 /* MoviewReview.swift in Sources */,
				C173CA4C2A7F4CF700549B32 /* MovieDetails.swift in Sources */,
				C126A5632A7F743C00F28F20 /* AddReview.swift in Sources */,
				C126A58C2A80995600F28F20 /* Genre.swift in Sources */,
				C173CA512A7F51C600549B32 /* CustomCorners.swift in Sources */,
				C126A56B2A7F7F1400F28F20 /* ReviewComponent.swift in Sources */,
				C126A5842A7FC9F900F28F20 /* MoviesViewModel.swift in Sources */,
				C126A58A2A80940000F28F20 /* Constants.swift in Sources */,
			);
			runOnlyForDeploymentPostprocessing = 0;
		};
		C173CA112A7DD32C00549B32 /* Sources */ = {
			isa = PBXSourcesBuildPhase;
			buildActionMask = 2147483647;
			files = (
				C173CA412A7ECCCF00549B32 /* MovieCardTypeA.swift in Sources */,
				C173CA4D2A7F4CF700549B32 /* MovieDetails.swift in Sources */,
				C173CA492A7ED72100549B32 /* MovieRating.swift in Sources */,
				C173CA452A7ED0F900549B32 /* MoviePoster.swift in Sources */,
				C173CA1A2A7DD32C00549B32 /* MovieMagicTests.swift in Sources */,
				C173CA522A7F51C600549B32 /* CustomCorners.swift in Sources */,
				C173CA3D2A7EC1E900549B32 /* GenreTag.swift in Sources */,
				C173CA392A7EC08500549B32 /* SearchList.swift in Sources */,
			);
			runOnlyForDeploymentPostprocessing = 0;
		};
		C173CA1B2A7DD32C00549B32 /* Sources */ = {
			isa = PBXSourcesBuildPhase;
			buildActionMask = 2147483647;
			files = (
				C173CA242A7DD32C00549B32 /* MovieMagicUITests.swift in Sources */,
				C173CA532A7F51C600549B32 /* CustomCorners.swift in Sources */,
				C173CA262A7DD32C00549B32 /* MovieMagicUITestsLaunchTests.swift in Sources */,
				C173CA3E2A7EC1E900549B32 /* GenreTag.swift in Sources */,
				C173CA4E2A7F4CF700549B32 /* MovieDetails.swift in Sources */,
				C173CA422A7ECCCF00549B32 /* MovieCardTypeA.swift in Sources */,
				C173CA3A2A7EC08500549B32 /* SearchList.swift in Sources */,
				C173CA462A7ED0F900549B32 /* MoviePoster.swift in Sources */,
				C173CA4A2A7ED72100549B32 /* MovieRating.swift in Sources */,
			);
			runOnlyForDeploymentPostprocessing = 0;
		};
/* End PBXSourcesBuildPhase section */

/* Begin PBXTargetDependency section */
		C173CA172A7DD32C00549B32 /* PBXTargetDependency */ = {
			isa = PBXTargetDependency;
			target = C173CA042A7DD32A00549B32 /* MovieMagic */;
			targetProxy = C173CA162A7DD32C00549B32 /* PBXContainerItemProxy */;
		};
		C173CA212A7DD32C00549B32 /* PBXTargetDependency */ = {
			isa = PBXTargetDependency;
			target = C173CA042A7DD32A00549B32 /* MovieMagic */;
			targetProxy = C173CA202A7DD32C00549B32 /* PBXContainerItemProxy */;
		};
/* End PBXTargetDependency section */

/* Begin XCBuildConfiguration section */
		C173CA272A7DD32C00549B32 /* Debug */ = {
			isa = XCBuildConfiguration;
			buildSettings = {
				ALWAYS_SEARCH_USER_PATHS = NO;
				CLANG_ANALYZER_NONNULL = YES;
				CLANG_ANALYZER_NUMBER_OBJECT_CONVERSION = YES_AGGRESSIVE;
				CLANG_CXX_LANGUAGE_STANDARD = "gnu++20";
				CLANG_ENABLE_MODULES = YES;
				CLANG_ENABLE_OBJC_ARC = YES;
				CLANG_ENABLE_OBJC_WEAK = YES;
				CLANG_WARN_BLOCK_CAPTURE_AUTORELEASING = YES;
				CLANG_WARN_BOOL_CONVERSION = YES;
				CLANG_WARN_COMMA = YES;
				CLANG_WARN_CONSTANT_CONVERSION = YES;
				CLANG_WARN_DEPRECATED_OBJC_IMPLEMENTATIONS = YES;
				CLANG_WARN_DIRECT_OBJC_ISA_USAGE = YES_ERROR;
				CLANG_WARN_DOCUMENTATION_COMMENTS = YES;
				CLANG_WARN_EMPTY_BODY = YES;
				CLANG_WARN_ENUM_CONVERSION = YES;
				CLANG_WARN_INFINITE_RECURSION = YES;
				CLANG_WARN_INT_CONVERSION = YES;
				CLANG_WARN_NON_LITERAL_NULL_CONVERSION = YES;
				CLANG_WARN_OBJC_IMPLICIT_RETAIN_SELF = YES;
				CLANG_WARN_OBJC_LITERAL_CONVERSION = YES;
				CLANG_WARN_OBJC_ROOT_CLASS = YES_ERROR;
				CLANG_WARN_QUOTED_INCLUDE_IN_FRAMEWORK_HEADER = YES;
				CLANG_WARN_RANGE_LOOP_ANALYSIS = YES;
				CLANG_WARN_STRICT_PROTOTYPES = YES;
				CLANG_WARN_SUSPICIOUS_MOVE = YES;
				CLANG_WARN_UNGUARDED_AVAILABILITY = YES_AGGRESSIVE;
				CLANG_WARN_UNREACHABLE_CODE = YES;
				CLANG_WARN__DUPLICATE_METHOD_MATCH = YES;
				COPY_PHASE_STRIP = NO;
				DEBUG_INFORMATION_FORMAT = dwarf;
				ENABLE_STRICT_OBJC_MSGSEND = YES;
				ENABLE_TESTABILITY = YES;
				GCC_C_LANGUAGE_STANDARD = gnu11;
				GCC_DYNAMIC_NO_PIC = NO;
				GCC_NO_COMMON_BLOCKS = YES;
				GCC_OPTIMIZATION_LEVEL = 0;
				GCC_PREPROCESSOR_DEFINITIONS = (
					"DEBUG=1",
					"$(inherited)",
				);
				GCC_WARN_64_TO_32_BIT_CONVERSION = YES;
				GCC_WARN_ABOUT_RETURN_TYPE = YES_ERROR;
				GCC_WARN_UNDECLARED_SELECTOR = YES;
				GCC_WARN_UNINITIALIZED_AUTOS = YES_AGGRESSIVE;
				GCC_WARN_UNUSED_FUNCTION = YES;
				GCC_WARN_UNUSED_VARIABLE = YES;
				IPHONEOS_DEPLOYMENT_TARGET = 16.4;
				MTL_ENABLE_DEBUG_INFO = INCLUDE_SOURCE;
				MTL_FAST_MATH = YES;
				ONLY_ACTIVE_ARCH = YES;
				SDKROOT = iphoneos;
				SWIFT_ACTIVE_COMPILATION_CONDITIONS = DEBUG;
				SWIFT_OPTIMIZATION_LEVEL = "-Onone";
			};
			name = Debug;
		};
		C173CA282A7DD32C00549B32 /* Release */ = {
			isa = XCBuildConfiguration;
			buildSettings = {
				ALWAYS_SEARCH_USER_PATHS = NO;
				CLANG_ANALYZER_NONNULL = YES;
				CLANG_ANALYZER_NUMBER_OBJECT_CONVERSION = YES_AGGRESSIVE;
				CLANG_CXX_LANGUAGE_STANDARD = "gnu++20";
				CLANG_ENABLE_MODULES = YES;
				CLANG_ENABLE_OBJC_ARC = YES;
				CLANG_ENABLE_OBJC_WEAK = YES;
				CLANG_WARN_BLOCK_CAPTURE_AUTORELEASING = YES;
				CLANG_WARN_BOOL_CONVERSION = YES;
				CLANG_WARN_COMMA = YES;
				CLANG_WARN_CONSTANT_CONVERSION = YES;
				CLANG_WARN_DEPRECATED_OBJC_IMPLEMENTATIONS = YES;
				CLANG_WARN_DIRECT_OBJC_ISA_USAGE = YES_ERROR;
				CLANG_WARN_DOCUMENTATION_COMMENTS = YES;
				CLANG_WARN_EMPTY_BODY = YES;
				CLANG_WARN_ENUM_CONVERSION = YES;
				CLANG_WARN_INFINITE_RECURSION = YES;
				CLANG_WARN_INT_CONVERSION = YES;
				CLANG_WARN_NON_LITERAL_NULL_CONVERSION = YES;
				CLANG_WARN_OBJC_IMPLICIT_RETAIN_SELF = YES;
				CLANG_WARN_OBJC_LITERAL_CONVERSION = YES;
				CLANG_WARN_OBJC_ROOT_CLASS = YES_ERROR;
				CLANG_WARN_QUOTED_INCLUDE_IN_FRAMEWORK_HEADER = YES;
				CLANG_WARN_RANGE_LOOP_ANALYSIS = YES;
				CLANG_WARN_STRICT_PROTOTYPES = YES;
				CLANG_WARN_SUSPICIOUS_MOVE = YES;
				CLANG_WARN_UNGUARDED_AVAILABILITY = YES_AGGRESSIVE;
				CLANG_WARN_UNREACHABLE_CODE = YES;
				CLANG_WARN__DUPLICATE_METHOD_MATCH = YES;
				COPY_PHASE_STRIP = NO;
				DEBUG_INFORMATION_FORMAT = "dwarf-with-dsym";
				ENABLE_NS_ASSERTIONS = NO;
				ENABLE_STRICT_OBJC_MSGSEND = YES;
				GCC_C_LANGUAGE_STANDARD = gnu11;
				GCC_NO_COMMON_BLOCKS = YES;
				GCC_WARN_64_TO_32_BIT_CONVERSION = YES;
				GCC_WARN_ABOUT_RETURN_TYPE = YES_ERROR;
				GCC_WARN_UNDECLARED_SELECTOR = YES;
				GCC_WARN_UNINITIALIZED_AUTOS = YES_AGGRESSIVE;
				GCC_WARN_UNUSED_FUNCTION = YES;
				GCC_WARN_UNUSED_VARIABLE = YES;
				IPHONEOS_DEPLOYMENT_TARGET = 16.4;
				MTL_ENABLE_DEBUG_INFO = NO;
				MTL_FAST_MATH = YES;
				SDKROOT = iphoneos;
				SWIFT_COMPILATION_MODE = wholemodule;
				SWIFT_OPTIMIZATION_LEVEL = "-O";
				VALIDATE_PRODUCT = YES;
			};
			name = Release;
		};
		C173CA2A2A7DD32C00549B32 /* Debug */ = {
			isa = XCBuildConfiguration;
			buildSettings = {
				ASSETCATALOG_COMPILER_APPICON_NAME = AppIcon;
				ASSETCATALOG_COMPILER_GLOBAL_ACCENT_COLOR_NAME = AccentColor;
				CODE_SIGN_STYLE = Automatic;
				CURRENT_PROJECT_VERSION = 1;
				DEVELOPMENT_ASSET_PATHS = "\"MovieMagic/Preview Content\"";
				ENABLE_PREVIEWS = YES;
				GENERATE_INFOPLIST_FILE = YES;
				INFOPLIST_KEY_UIApplicationSceneManifest_Generation = YES;
				INFOPLIST_KEY_UIApplicationSupportsIndirectInputEvents = YES;
				INFOPLIST_KEY_UILaunchScreen_Generation = YES;
				INFOPLIST_KEY_UISupportedInterfaceOrientations_iPad = "UIInterfaceOrientationPortrait UIInterfaceOrientationPortraitUpsideDown UIInterfaceOrientationLandscapeLeft UIInterfaceOrientationLandscapeRight";
				INFOPLIST_KEY_UISupportedInterfaceOrientations_iPhone = "UIInterfaceOrientationPortrait UIInterfaceOrientationLandscapeLeft UIInterfaceOrientationLandscapeRight";
				LD_RUNPATH_SEARCH_PATHS = (
					"$(inherited)",
					"@executable_path/Frameworks",
				);
				MARKETING_VERSION = 1.0;
				PRODUCT_BUNDLE_IDENTIFIER = iGenius.MovieMagic;
				PRODUCT_NAME = "$(TARGET_NAME)";
				SWIFT_EMIT_LOC_STRINGS = YES;
				SWIFT_VERSION = 5.0;
				TARGETED_DEVICE_FAMILY = "1,2";
			};
			name = Debug;
		};
		C173CA2B2A7DD32C00549B32 /* Release */ = {
			isa = XCBuildConfiguration;
			buildSettings = {
				ASSETCATALOG_COMPILER_APPICON_NAME = AppIcon;
				ASSETCATALOG_COMPILER_GLOBAL_ACCENT_COLOR_NAME = AccentColor;
				CODE_SIGN_STYLE = Automatic;
				CURRENT_PROJECT_VERSION = 1;
				DEVELOPMENT_ASSET_PATHS = "\"MovieMagic/Preview Content\"";
				ENABLE_PREVIEWS = YES;
				GENERATE_INFOPLIST_FILE = YES;
				INFOPLIST_KEY_UIApplicationSceneManifest_Generation = YES;
				INFOPLIST_KEY_UIApplicationSupportsIndirectInputEvents = YES;
				INFOPLIST_KEY_UILaunchScreen_Generation = YES;
				INFOPLIST_KEY_UISupportedInterfaceOrientations_iPad = "UIInterfaceOrientationPortrait UIInterfaceOrientationPortraitUpsideDown UIInterfaceOrientationLandscapeLeft UIInterfaceOrientationLandscapeRight";
				INFOPLIST_KEY_UISupportedInterfaceOrientations_iPhone = "UIInterfaceOrientationPortrait UIInterfaceOrientationLandscapeLeft UIInterfaceOrientationLandscapeRight";
				LD_RUNPATH_SEARCH_PATHS = (
					"$(inherited)",
					"@executable_path/Frameworks",
				);
				MARKETING_VERSION = 1.0;
				PRODUCT_BUNDLE_IDENTIFIER = iGenius.MovieMagic;
				PRODUCT_NAME = "$(TARGET_NAME)";
				SWIFT_EMIT_LOC_STRINGS = YES;
				SWIFT_VERSION = 5.0;
				TARGETED_DEVICE_FAMILY = "1,2";
			};
			name = Release;
		};
		C173CA2D2A7DD32C00549B32 /* Debug */ = {
			isa = XCBuildConfiguration;
			buildSettings = {
				ALWAYS_EMBED_SWIFT_STANDARD_LIBRARIES = YES;
				BUNDLE_LOADER = "$(TEST_HOST)";
				CODE_SIGN_STYLE = Automatic;
				CURRENT_PROJECT_VERSION = 1;
				GENERATE_INFOPLIST_FILE = YES;
				IPHONEOS_DEPLOYMENT_TARGET = 16.4;
				MARKETING_VERSION = 1.0;
				PRODUCT_BUNDLE_IDENTIFIER = iGenius.MovieMagicTests;
				PRODUCT_NAME = "$(TARGET_NAME)";
				SWIFT_EMIT_LOC_STRINGS = NO;
				SWIFT_VERSION = 5.0;
				TARGETED_DEVICE_FAMILY = "1,2";
				TEST_HOST = "$(BUILT_PRODUCTS_DIR)/MovieMagic.app/$(BUNDLE_EXECUTABLE_FOLDER_PATH)/MovieMagic";
			};
			name = Debug;
		};
		C173CA2E2A7DD32C00549B32 /* Release */ = {
			isa = XCBuildConfiguration;
			buildSettings = {
				ALWAYS_EMBED_SWIFT_STANDARD_LIBRARIES = YES;
				BUNDLE_LOADER = "$(TEST_HOST)";
				CODE_SIGN_STYLE = Automatic;
				CURRENT_PROJECT_VERSION = 1;
				GENERATE_INFOPLIST_FILE = YES;
				IPHONEOS_DEPLOYMENT_TARGET = 16.4;
				MARKETING_VERSION = 1.0;
				PRODUCT_BUNDLE_IDENTIFIER = iGenius.MovieMagicTests;
				PRODUCT_NAME = "$(TARGET_NAME)";
				SWIFT_EMIT_LOC_STRINGS = NO;
				SWIFT_VERSION = 5.0;
				TARGETED_DEVICE_FAMILY = "1,2";
				TEST_HOST = "$(BUILT_PRODUCTS_DIR)/MovieMagic.app/$(BUNDLE_EXECUTABLE_FOLDER_PATH)/MovieMagic";
			};
			name = Release;
		};
		C173CA302A7DD32C00549B32 /* Debug */ = {
			isa = XCBuildConfiguration;
			buildSettings = {
				ALWAYS_EMBED_SWIFT_STANDARD_LIBRARIES = YES;
				CODE_SIGN_STYLE = Automatic;
				CURRENT_PROJECT_VERSION = 1;
				GENERATE_INFOPLIST_FILE = YES;
				MARKETING_VERSION = 1.0;
				PRODUCT_BUNDLE_IDENTIFIER = iGenius.MovieMagicUITests;
				PRODUCT_NAME = "$(TARGET_NAME)";
				SWIFT_EMIT_LOC_STRINGS = NO;
				SWIFT_VERSION = 5.0;
				TARGETED_DEVICE_FAMILY = "1,2";
				TEST_TARGET_NAME = MovieMagic;
			};
			name = Debug;
		};
		C173CA312A7DD32C00549B32 /* Release */ = {
			isa = XCBuildConfiguration;
			buildSettings = {
				ALWAYS_EMBED_SWIFT_STANDARD_LIBRARIES = YES;
				CODE_SIGN_STYLE = Automatic;
				CURRENT_PROJECT_VERSION = 1;
				GENERATE_INFOPLIST_FILE = YES;
				MARKETING_VERSION = 1.0;
				PRODUCT_BUNDLE_IDENTIFIER = iGenius.MovieMagicUITests;
				PRODUCT_NAME = "$(TARGET_NAME)";
				SWIFT_EMIT_LOC_STRINGS = NO;
				SWIFT_VERSION = 5.0;
				TARGETED_DEVICE_FAMILY = "1,2";
				TEST_TARGET_NAME = MovieMagic;
			};
			name = Release;
		};
/* End XCBuildConfiguration section */

/* Begin XCConfigurationList section */
		C173CA002A7DD32A00549B32 /* Build configuration list for PBXProject "MovieMagic" */ = {
			isa = XCConfigurationList;
			buildConfigurations = (
				C173CA272A7DD32C00549B32 /* Debug */,
				C173CA282A7DD32C00549B32 /* Release */,
			);
			defaultConfigurationIsVisible = 0;
			defaultConfigurationName = Release;
		};
		C173CA292A7DD32C00549B32 /* Build configuration list for PBXNativeTarget "MovieMagic" */ = {
			isa = XCConfigurationList;
			buildConfigurations = (
				C173CA2A2A7DD32C00549B32 /* Debug */,
				C173CA2B2A7DD32C00549B32 /* Release */,
			);
			defaultConfigurationIsVisible = 0;
			defaultConfigurationName = Release;
		};
		C173CA2C2A7DD32C00549B32 /* Build configuration list for PBXNativeTarget "MovieMagicTests" */ = {
			isa = XCConfigurationList;
			buildConfigurations = (
				C173CA2D2A7DD32C00549B32 /* Debug */,
				C173CA2E2A7DD32C00549B32 /* Release */,
			);
			defaultConfigurationIsVisible = 0;
			defaultConfigurationName = Release;
		};
		C173CA2F2A7DD32C00549B32 /* Build configuration list for PBXNativeTarget "MovieMagicUITests" */ = {
			isa = XCConfigurationList;
			buildConfigurations = (
				C173CA302A7DD32C00549B32 /* Debug */,
				C173CA312A7DD32C00549B32 /* Release */,
			);
			defaultConfigurationIsVisible = 0;
			defaultConfigurationName = Release;
		};
/* End XCConfigurationList section */
	};
	rootObject = C173C9FD2A7DD32A00549B32 /* Project object */;
}
